
Microsoft Visual Studio Solution File, Format Version 12.00
# Visual Studio Version 16
VisualStudioVersion = 16.0.30225.117
MinimumVisualStudioVersion = 10.0.40219.1
Project("{FAE04EC0-301F-11D3-BF4B-00C04F79EFBC}") = "Web.Api", "Web.Api\Web.Api.csproj", "{0A89DD88-22B7-4789-8DBD-DAA36DBAADA8}"
EndProject
Global
	GlobalSection(SolutionConfigurationPlatforms) = preSolution
		Debug|Any CPU = Debug|Any CPU
		Release|Any CPU = Release|Any CPU
	EndGlobalSection
	GlobalSection(ProjectConfigurationPlatforms) = postSolution
		{0A89DD88-22B7-4789-8DBD-DAA36DBAADA8}.Debug|Any CPU.ActiveCfg = Debug|Any CPU
		{0A89DD88-22B7-4789-8DBD-DAA36DBAADA8}.Debug|Any CPU.Build.0 = Debug|Any CPU
		{0A89DD88-22B7-4789-8DBD-DAA36DBAADA8}.Release|Any CPU.ActiveCfg = Release|Any CPU
		{0A89DD88-22B7-4789-8DBD-DAA36DBAADA8}.Release|Any CPU.Build.0 = Release|Any CPU
	EndGlobalSection
	GlobalSection(SolutionProperties) = preSolution
		HideSolutionNode = FALSE
	EndGlobalSection
	GlobalSection(ExtensibilityGlobals) = postSolution
		SolutionGuid = {6603C615-DFE2-4366-981B-7B801A1DC437}
	EndGlobalSection
EndGlobal
